
Microsoft Visual Studio Solution File, Format Version 12.00
# Visual Studio 2012
Project("{FAE04EC0-301F-11D3-BF4B-00C04F79EFBC}") = "WebCam", "WebCam\WebCam.csproj", "{C16A5406-9B4C-4D26-B702-4B78E4C7FC1A}"
EndProject
Global
	GlobalSection(SolutionConfigurationPlatforms) = preSolution
		Debug|Any CPU = Debug|Any CPU
		Release|Any CPU = Release|Any CPU
	EndGlobalSection
	GlobalSection(ProjectConfigurationPlatforms) = postSolution
		{C16A5406-9B4C-4D26-B702-4B78E4C7FC1A}.Debug|Any CPU.ActiveCfg = Debug|Any CPU
		{C16A5406-9B4C-4D26-B702-4B78E4C7FC1A}.Debug|Any CPU.Build.0 = Debug|Any CPU
		{C16A5406-9B4C-4D26-B702-4B78E4C7FC1A}.Release|Any CPU.ActiveCfg = Release|Any CPU
		{C16A5406-9B4C-4D26-B702-4B78E4C7FC1A}.Release|Any CPU.Build.0 = Release|Any CPU
	EndGlobalSection
	GlobalSection(SolutionProperties) = preSolution
		HideSolutionNode = FALSE
	EndGlobalSection
EndGlobal
